{
  "name": "@heydovetail/website",
  "version": "1.0.0",
  "lockfileVersion": 1,
  "requires": true,
  "dependencies": {
    "@types/lodash": {
      "version": "4.14.106",
      "resolved": "https://registry.npmjs.org/@types/lodash/-/lodash-4.14.106.tgz",
      "integrity": "sha512-tOSvCVrvSqFZ4A/qrqqm6p37GZoawsZtoR0SJhlF7EonNZUgrn8FfT+RNQ11h+NUpMt6QVe36033f3qEKBwfWA==",
      "dev": true
    },
    "@types/lodash.groupby": {
      "version": "4.6.3",
      "resolved": "https://registry.npmjs.org/@types/lodash.groupby/-/lodash.groupby-4.6.3.tgz",
      "integrity": "sha512-xin4XfinWVapQvSGPCmjUIv/6t8ZkFHoH4c0ppx8Yq4zEYF32H8L9rkPvxCx+JKs+FXkfbDY7NyYF7ETJkfDvQ==",
      "dev": true,
      "requires": {
        "@types/lodash": "4.14.106"
      }
    }
  }
}
